// !$*UTF8*$!
{
	archiveVersion = 1;
	classes = {
	};
	objectVersion = 50;
	objects = {

/* Begin PBXBuildFile section */
		013EAE1024C9D23900583BB8 /* AppDelegate.swift in Sources */ = {isa = PBXBuildFile; fileRef = 013EAE0F24C9D23900583BB8 /* AppDelegate.swift */; };
		013EAE1224C9D23900583BB8 /* SceneDelegate.swift in Sources */ = {isa = PBXBuildFile; fileRef = 013EAE1124C9D23900583BB8 /* SceneDelegate.swift */; };
		013EAE1424C9D23900583BB8 /* ViewController.swift in Sources */ = {isa = PBXBuildFile; fileRef = 013EAE1324C9D23900583BB8 /* ViewController.swift */; };
		013EAE1724C9D23900583BB8 /* Main.storyboard in Resources */ = {isa = PBXBuildFile; fileRef = 013EAE1524C9D23900583BB8 /* Main.storyboard */; };
		013EAE1924C9D23B00583BB8 /* Assets.xcassets in Resources */ = {isa = PBXBuildFile; fileRef = 013EAE1824C9D23B00583BB8 /* Assets.xcassets */; };
		013EAE1C24C9D23B00583BB8 /* LaunchScreen.storyboard in Resources */ = {isa = PBXBuildFile; fileRef = 013EAE1A24C9D23B00583BB8 /* LaunchScreen.storyboard */; };
		013EAE2724C9D23B00583BB8 /* MoviePlayerTests.swift in Sources */ = {isa = PBXBuildFile; fileRef = 013EAE2624C9D23B00583BB8 /* MoviePlayerTests.swift */; };
		013EAE3224C9D23B00583BB8 /* MoviePlayerUITests.swift in Sources */ = {isa = PBXBuildFile; fileRef = 013EAE3124C9D23B00583BB8 /* MoviePlayerUITests.swift */; };
/* End PBXBuildFile section */

/* Begin PBXContainerItemProxy section */
		013EAE2324C9D23B00583BB8 /* PBXContainerItemProxy */ = {
			isa = PBXContainerItemProxy;
			containerPortal = 013EAE0424C9D23900583BB8 /* Project object */;
			proxyType = 1;
			remoteGlobalIDString = 013EAE0B24C9D23900583BB8;
			remoteInfo = MoviePlayer;
		};
		013EAE2E24C9D23B00583BB8 /* PBXContainerItemProxy */ = {
			isa = PBXContainerItemProxy;
			containerPortal = 013EAE0424C9D23900583BB8 /* Project object */;
			proxyType = 1;
			remoteGlobalIDString = 013EAE0B24C9D23900583BB8;
			remoteInfo = MoviePlayer;
		};
/* End PBXContainerItemProxy section */

/* Begin PBXFileReference section */
		013EAE0C24C9D23900583BB8 /* MoviePlayer.app */ = {isa = PBXFileReference; explicitFileType = wrapper.application; includeInIndex = 0; path = MoviePlayer.app; sourceTree = BUILT_PRODUCTS_DIR; };
		013EAE0F24C9D23900583BB8 /* AppDelegate.swift */ = {isa = PBXFileReference; lastKnownFileType = sourcecode.swift; path = AppDelegate.swift; sourceTree = "<group>"; };
		013EAE1124C9D23900583BB8 /* SceneDelegate.swift */ = {isa = PBXFileReference; lastKnownFileType = sourcecode.swift; path = SceneDelegate.swift; sourceTree = "<group>"; };
		013EAE1324C9D23900583BB8 /* ViewController.swift */ = {isa = PBXFileReference; lastKnownFileType = sourcecode.swift; path = ViewController.swift; sourceTree = "<group>"; };
		013EAE1624C9D23900583BB8 /* Base */ = {isa = PBXFileReference; lastKnownFileType = file.storyboard; name = Base; path = Base.lproj/Main.storyboard; sourceTree = "<group>"; };
		013EAE1824C9D23B00583BB8 /* Assets.xcassets */ = {isa = PBXFileReference; lastKnownFileType = folder.assetcatalog; path = Assets.xcassets; sourceTree = "<group>"; };
		013EAE1B24C9D23B00583BB8 /* Base */ = {isa = PBXFileReference; lastKnownFileType = file.storyboard; name = Base; path = Base.lproj/LaunchScreen.storyboard; sourceTree = "<group>"; };
		013EAE1D24C9D23B00583BB8 /* Info.plist */ = {isa = PBXFileReference; lastKnownFileType = text.plist.xml; path = Info.plist; sourceTree = "<group>"; };
		013EAE2224C9D23B00583BB8 /* MoviePlayerTests.xctest */ = {isa = PBXFileReference; explicitFileType = wrapper.cfbundle; includeInIndex = 0; path = MoviePlayerTests.xctest; sourceTree = BUILT_PRODUCTS_DIR; };
		013EAE2624C9D23B00583BB8 /* MoviePlayerTests.swift */ = {isa = PBXFileReference; lastKnownFileType = sourcecode.swift; path = MoviePlayerTests.swift; sourceTree = "<group>"; };
		013EAE2824C9D23B00583BB8 /* Info.plist */ = {isa = PBXFileReference; lastKnownFileType = text.plist.xml; path = Info.plist; sourceTree = "<group>"; };
		013EAE2D24C9D23B00583BB8 /* MoviePlayerUITests.xctest */ = {isa = PBXFileReference; explicitFileType = wrapper.cfbundle; includeInIndex = 0; path = MoviePlayerUITests.xctest; sourceTree = BUILT_PRODUCTS_DIR; };
		013EAE3124C9D23B00583BB8 /* MoviePlayerUITests.swift */ = {isa = PBXFileReference; lastKnownFileType = sourcecode.swift; path = MoviePlayerUITests.swift; sourceTree = "<group>"; };
		013EAE3324C9D23B00583BB8 /* Info.plist */ = {isa = PBXFileReference; lastKnownFileType = text.plist.xml; path = Info.plist; sourceTree = "<group>"; };
/* End PBXFileReference section */

/* Begin PBXFrameworksBuildPhase section */
		013EAE0924C9D23900583BB8 /* Frameworks */ = {
			isa = PBXFrameworksBuildPhase;
			buildActionMask = 2147483647;
			files = (
			);
			runOnlyForDeploymentPostprocessing = 0;
		};
		013EAE1F24C9D23B00583BB8 /* Frameworks */ = {
			isa = PBXFrameworksBuildPhase;
			buildActionMask = 2147483647;
			files = (
			);
			runOnlyForDeploymentPostprocessing = 0;
		};
		013EAE2A24C9D23B00583BB8 /* Frameworks */ = {
			isa = PBXFrameworksBuildPhase;
			buildActionMask = 2147483647;
			files = (
			);
			runOnlyForDeploymentPostprocessing = 0;
		};
/* End PBXFrameworksBuildPhase section */

/* Begin PBXGroup section */
		013EAE0324C9D23900583BB8 = {
			isa = PBXGroup;
			children = (
				013EAE0E24C9D23900583BB8 /* MoviePlayer */,
				013EAE2524C9D23B00583BB8 /* MoviePlayerTests */,
				013EAE3024C9D23B00583BB8 /* MoviePlayerUITests */,
				013EAE0D24C9D23900583BB8 /* Products */,
			);
			sourceTree = "<group>";
		};
		013EAE0D24C9D23900583BB8 /* Products */ = {
			isa = PBXGroup;
			children = (
				013EAE0C24C9D23900583BB8 /* MoviePlayer.app */,
				013EAE2224C9D23B00583BB8 /* MoviePlayerTests.xctest */,
				013EAE2D24C9D23B00583BB8 /* MoviePlayerUITests.xctest */,
			);
			name = Products;
			sourceTree = "<group>";
		};
		013EAE0E24C9D23900583BB8 /* MoviePlayer */ = {
			isa = PBXGroup;
			children = (
				013EAE0F24C9D23900583BB8 /* AppDelegate.swift */,
				013EAE1124C9D23900583BB8 /* SceneDelegate.swift */,
				013EAE1324C9D23900583BB8 /* ViewController.swift */,
				013EAE1524C9D23900583BB8 /* Main.storyboard */,
				013EAE1824C9D23B00583BB8 /* Assets.xcassets */,
				013EAE1A24C9D23B00583BB8 /* LaunchScreen.storyboard */,
				013EAE1D24C9D23B00583BB8 /* Info.plist */,
			);
			path = MoviePlayer;
			sourceTree = "<group>";
		};
		013EAE2524C9D23B00583BB8 /* MoviePlayerTests */ = {
			isa = PBXGroup;
			children = (
				013EAE2624C9D23B00583BB8 /* MoviePlayerTests.swift */,
				013EAE2824C9D23B00583BB8 /* Info.plist */,
			);
			path = MoviePlayerTests;
			sourceTree = "<group>";
		};
		013EAE3024C9D23B00583BB8 /* MoviePlayerUITests */ = {
			isa = PBXGroup;
			children = (
				013EAE3124C9D23B00583BB8 /* MoviePlayerUITests.swift */,
				013EAE3324C9D23B00583BB8 /* Info.plist */,
			);
			path = MoviePlayerUITests;
			sourceTree = "<group>";
		};
/* End PBXGroup section */

/* Begin PBXNativeTarget section */
		013EAE0B24C9D23900583BB8 /* MoviePlayer */ = {
			isa = PBXNativeTarget;
			buildConfigurationList = 013EAE3624C9D23B00583BB8 /* Build configuration list for PBXNativeTarget "MoviePlayer" */;
			buildPhases = (
				013EAE0824C9D23900583BB8 /* Sources */,
				013EAE0924C9D23900583BB8 /* Frameworks */,
				013EAE0A24C9D23900583BB8 /* Resources */,
			);
			buildRules = (
			);
			dependencies = (
			);
			name = MoviePlayer;
			productName = MoviePlayer;
			productReference = 013EAE0C24C9D23900583BB8 /* MoviePlayer.app */;
			productType = "com.apple.product-type.application";
		};
		013EAE2124C9D23B00583BB8 /* MoviePlayerTests */ = {
			isa = PBXNativeTarget;
			buildConfigurationList = 013EAE3924C9D23B00583BB8 /* Build configuration list for PBXNativeTarget "MoviePlayerTests" */;
			buildPhases = (
				013EAE1E24C9D23B00583BB8 /* Sources */,
				013EAE1F24C9D23B00583BB8 /* Frameworks */,
				013EAE2024C9D23B00583BB8 /* Resources */,
			);
			buildRules = (
			);
			dependencies = (
				013EAE2424C9D23B00583BB8 /* PBXTargetDependency */,
			);
			name = MoviePlayerTests;
			productName = MoviePlayerTests;
			productReference = 013EAE2224C9D23B00583BB8 /* MoviePlayerTests.xctest */;
			productType = "com.apple.product-type.bundle.unit-test";
		};
		013EAE2C24C9D23B00583BB8 /* MoviePlayerUITests */ = {
			isa = PBXNativeTarget;
			buildConfigurationList = 013EAE3C24C9D23B00583BB8 /* Build configuration list for PBXNativeTarget "MoviePlayerUITests" */;
			buildPhases = (
				013EAE2924C9D23B00583BB8 /* Sources */,
				013EAE2A24C9D23B00583BB8 /* Frameworks */,
				013EAE2B24C9D23B00583BB8 /* Resources */,
			);
			buildRules = (
			);
			dependencies = (
				013EAE2F24C9D23B00583BB8 /* PBXTargetDependency */,
			);
			name = MoviePlayerUITests;
			productName = MoviePlayerUITests;
			productReference = 013EAE2D24C9D23B00583BB8 /* MoviePlayerUITests.xctest */;
			productType = "com.apple.product-type.bundle.ui-testing";
		};
/* End PBXNativeTarget section */

/* Begin PBXProject section */
		013EAE0424C9D23900583BB8 /* Project object */ = {
			isa = PBXProject;
			attributes = {
				LastSwiftUpdateCheck = 1160;
				LastUpgradeCheck = 1160;
				ORGANIZATIONNAME = "Hansub Yoo";
				TargetAttributes = {
					013EAE0B24C9D23900583BB8 = {
						CreatedOnToolsVersion = 11.6;
					};
					013EAE2124C9D23B00583BB8 = {
						CreatedOnToolsVersion = 11.6;
						TestTargetID = 013EAE0B24C9D23900583BB8;
					};
					013EAE2C24C9D23B00583BB8 = {
						CreatedOnToolsVersion = 11.6;
						TestTargetID = 013EAE0B24C9D23900583BB8;
					};
				};
			};
			buildConfigurationList = 013EAE0724C9D23900583BB8 /* Build configuration list for PBXProject "MoviePlayer" */;
			compatibilityVersion = "Xcode 9.3";
			developmentRegion = en;
			hasScannedForEncodings = 0;
			knownRegions = (
				en,
				Base,
			);
			mainGroup = 013EAE0324C9D23900583BB8;
			productRefGroup = 013EAE0D24C9D23900583BB8 /* Products */;
			projectDirPath = "";
			projectRoot = "";
			targets = (
				013EAE0B24C9D23900583BB8 /* MoviePlayer */,
				013EAE2124C9D23B00583BB8 /* MoviePlayerTests */,
				013EAE2C24C9D23B00583BB8 /* MoviePlayerUITests */,
			);
		};
/* End PBXProject section */

/* Begin PBXResourcesBuildPhase section */
		013EAE0A24C9D23900583BB8 /* Resources */ = {
			isa = PBXResourcesBuildPhase;
			buildActionMask = 2147483647;
			files = (
				013EAE1C24C9D23B00583BB8 /* LaunchScreen.storyboard in Resources */,
				013EAE1924C9D23B00583BB8 /* Assets.xcassets in Resources */,
				013EAE1724C9D23900583BB8 /* Main.storyboard in Resources */,
			);
			runOnlyForDeploymentPostprocessing = 0;
		};
		013EAE2024C9D23B00583BB8 /* Resources */ = {
			isa = PBXResourcesBuildPhase;
			buildActionMask = 2147483647;
			files = (
			);
			runOnlyForDeploymentPostprocessing = 0;
		};
		013EAE2B24C9D23B00583BB8 /* Resources */ = {
			isa = PBXResourcesBuildPhase;
			buildActionMask = 2147483647;
			files = (
			);
			runOnlyForDeploymentPostprocessing = 0;
		};
/* End PBXResourcesBuildPhase section */

/* Begin PBXSourcesBuildPhase section */
		013EAE0824C9D23900583BB8 /* Sources */ = {
			isa = PBXSourcesBuildPhase;
			buildActionMask = 2147483647;
			files = (
				013EAE1424C9D23900583BB8 /* ViewController.swift in Sources */,
				013EAE1024C9D23900583BB8 /* AppDelegate.swift in Sources */,
				013EAE1224C9D23900583BB8 /* SceneDelegate.swift in Sources */,
			);
			runOnlyForDeploymentPostprocessing = 0;
		};
		013EAE1E24C9D23B00583BB8 /* Sources */ = {
			isa = PBXSourcesBuildPhase;
			buildActionMask = 2147483647;
			files = (
				013EAE2724C9D23B00583BB8 /* MoviePlayerTests.swift in Sources */,
			);
			runOnlyForDeploymentPostprocessing = 0;
		};
		013EAE2924C9D23B00583BB8 /* Sources */ = {
			isa = PBXSourcesBuildPhase;
			buildActionMask = 2147483647;
			files = (
				013EAE3224C9D23B00583BB8 /* MoviePlayerUITests.swift in Sources */,
			);
			runOnlyForDeploymentPostprocessing = 0;
		};
/* End PBXSourcesBuildPhase section */

/* Begin PBXTargetDependency section */
		013EAE2424C9D23B00583BB8 /* PBXTargetDependency */ = {
			isa = PBXTargetDependency;
			target = 013EAE0B24C9D23900583BB8 /* MoviePlayer */;
			targetProxy = 013EAE2324C9D23B00583BB8 /* PBXContainerItemProxy */;
		};
		013EAE2F24C9D23B00583BB8 /* PBXTargetDependency */ = {
			isa = PBXTargetDependency;
			target = 013EAE0B24C9D23900583BB8 /* MoviePlayer */;
			targetProxy = 013EAE2E24C9D23B00583BB8 /* PBXContainerItemProxy */;
		};
/* End PBXTargetDependency section */

/* Begin PBXVariantGroup section */
		013EAE1524C9D23900583BB8 /* Main.storyboard */ = {
			isa = PBXVariantGroup;
			children = (
				013EAE1624C9D23900583BB8 /* Base */,
			);
			name = Main.storyboard;
			sourceTree = "<group>";
		};
		013EAE1A24C9D23B00583BB8 /* LaunchScreen.storyboard */ = {
			isa = PBXVariantGroup;
			children = (
				013EAE1B24C9D23B00583BB8 /* Base */,
			);
			name = LaunchScreen.storyboard;
			sourceTree = "<group>";
		};
/* End PBXVariantGroup section */

/* Begin XCBuildConfiguration section */
		013EAE3424C9D23B00583BB8 /* Debug */ = {
			isa = XCBuildConfiguration;
			buildSettings = {
				ALWAYS_SEARCH_USER_PATHS = NO;
				CLANG_ANALYZER_NONNULL = YES;
				CLANG_ANALYZER_NUMBER_OBJECT_CONVERSION = YES_AGGRESSIVE;
				CLANG_CXX_LANGUAGE_STANDARD = "gnu++14";
				CLANG_CXX_LIBRARY = "libc++";
				CLANG_ENABLE_MODULES = YES;
				CLANG_ENABLE_OBJC_ARC = YES;
				CLANG_ENABLE_OBJC_WEAK = YES;
				CLANG_WARN_BLOCK_CAPTURE_AUTORELEASING = YES;
				CLANG_WARN_BOOL_CONVERSION = YES;
				CLANG_WARN_COMMA = YES;
				CLANG_WARN_CONSTANT_CONVERSION = YES;
				CLANG_WARN_DEPRECATED_OBJC_IMPLEMENTATIONS = YES;
				CLANG_WARN_DIRECT_OBJC_ISA_USAGE = YES_ERROR;
				CLANG_WARN_DOCUMENTATION_COMMENTS = YES;
				CLANG_WARN_EMPTY_BODY = YES;
				CLANG_WARN_ENUM_CONVERSION = YES;
				CLANG_WARN_INFINITE_RECURSION = YES;
				CLANG_WARN_INT_CONVERSION = YES;
				CLANG_WARN_NON_LITERAL_NULL_CONVERSION = YES;
				CLANG_WARN_OBJC_IMPLICIT_RETAIN_SELF = YES;
				CLANG_WARN_OBJC_LITERAL_CONVERSION = YES;
				CLANG_WARN_OBJC_ROOT_CLASS = YES_ERROR;
				CLANG_WARN_RANGE_LOOP_ANALYSIS = YES;
				CLANG_WARN_STRICT_PROTOTYPES = YES;
				CLANG_WARN_SUSPICIOUS_MOVE = YES;
				CLANG_WARN_UNGUARDED_AVAILABILITY = YES_AGGRESSIVE;
				CLANG_WARN_UNREACHABLE_CODE = YES;
				CLANG_WARN__DUPLICATE_METHOD_MATCH = YES;
				COPY_PHASE_STRIP = NO;
				DEBUG_INFORMATION_FORMAT = dwarf;
				ENABLE_STRICT_OBJC_MSGSEND = YES;
				ENABLE_TESTABILITY = YES;
				GCC_C_LANGUAGE_STANDARD = gnu11;
				GCC_DYNAMIC_NO_PIC = NO;
				GCC_NO_COMMON_BLOCKS = YES;
				GCC_OPTIMIZATION_LEVEL = 0;
				GCC_PREPROCESSOR_DEFINITIONS = (
					"DEBUG=1",
					"$(inherited)",
				);
				GCC_WARN_64_TO_32_BIT_CONVERSION = YES;
				GCC_WARN_ABOUT_RETURN_TYPE = YES_ERROR;
				GCC_WARN_UNDECLARED_SELECTOR = YES;
				GCC_WARN_UNINITIALIZED_AUTOS = YES_AGGRESSIVE;
				GCC_WARN_UNUSED_FUNCTION = YES;
				GCC_WARN_UNUSED_VARIABLE = YES;
				IPHONEOS_DEPLOYMENT_TARGET = 13.6;
				MTL_ENABLE_DEBUG_INFO = INCLUDE_SOURCE;
				MTL_FAST_MATH = YES;
				ONLY_ACTIVE_ARCH = YES;
				SDKROOT = iphoneos;
				SWIFT_ACTIVE_COMPILATION_CONDITIONS = DEBUG;
				SWIFT_OPTIMIZATION_LEVEL = "-Onone";
			};
			name = Debug;
		};
		013EAE3524C9D23B00583BB8 /* Release */ = {
			isa = XCBuildConfiguration;
			buildSettings = {
				ALWAYS_SEARCH_USER_PATHS = NO;
				CLANG_ANALYZER_NONNULL = YES;
				CLANG_ANALYZER_NUMBER_OBJECT_CONVERSION = YES_AGGRESSIVE;
				CLANG_CXX_LANGUAGE_STANDARD = "gnu++14";
				CLANG_CXX_LIBRARY = "libc++";
				CLANG_ENABLE_MODULES = YES;
				CLANG_ENABLE_OBJC_ARC = YES;
				CLANG_ENABLE_OBJC_WEAK = YES;
				CLANG_WARN_BLOCK_CAPTURE_AUTORELEASING = YES;
				CLANG_WARN_BOOL_CONVERSION = YES;
				CLANG_WARN_COMMA = YES;
				CLANG_WARN_CONSTANT_CONVERSION = YES;
				CLANG_WARN_DEPRECATED_OBJC_IMPLEMENTATIONS = YES;
				CLANG_WARN_DIRECT_OBJC_ISA_USAGE = YES_ERROR;
				CLANG_WARN_DOCUMENTATION_COMMENTS = YES;
				CLANG_WARN_EMPTY_BODY = YES;
				CLANG_WARN_ENUM_CONVERSION = YES;
				CLANG_WARN_INFINITE_RECURSION = YES;
				CLANG_WARN_INT_CONVERSION = YES;
				CLANG_WARN_NON_LITERAL_NULL_CONVERSION = YES;
				CLANG_WARN_OBJC_IMPLICIT_RETAIN_SELF = YES;
				CLANG_WARN_OBJC_LITERAL_CONVERSION = YES;
				CLANG_WARN_OBJC_ROOT_CLASS = YES_ERROR;
				CLANG_WARN_RANGE_LOOP_ANALYSIS = YES;
				CLANG_WARN_STRICT_PROTOTYPES = YES;
				CLANG_WARN_SUSPICIOUS_MOVE = YES;
				CLANG_WARN_UNGUARDED_AVAILABILITY = YES_AGGRESSIVE;
				CLANG_WARN_UNREACHABLE_CODE = YES;
				CLANG_WARN__DUPLICATE_METHOD_MATCH = YES;
				COPY_PHASE_STRIP = NO;
				DEBUG_INFORMATION_FORMAT = "dwarf-with-dsym";
				ENABLE_NS_ASSERTIONS = NO;
				ENABLE_STRICT_OBJC_MSGSEND = YES;
				GCC_C_LANGUAGE_STANDARD = gnu11;
				GCC_NO_COMMON_BLOCKS = YES;
				GCC_WARN_64_TO_32_BIT_CONVERSION = YES;
				GCC_WARN_ABOUT_RETURN_TYPE = YES_ERROR;
				GCC_WARN_UNDECLARED_SELECTOR = YES;
				GCC_WARN_UNINITIALIZED_AUTOS = YES_AGGRESSIVE;
				GCC_WARN_UNUSED_FUNCTION = YES;
				GCC_WARN_UNUSED_VARIABLE = YES;
				IPHONEOS_DEPLOYMENT_TARGET = 13.6;
				MTL_ENABLE_DEBUG_INFO = NO;
				MTL_FAST_MATH = YES;
				SDKROOT = iphoneos;
				SWIFT_COMPILATION_MODE = wholemodule;
				SWIFT_OPTIMIZATION_LEVEL = "-O";
				VALIDATE_PRODUCT = YES;
			};
			name = Release;
		};
		013EAE3724C9D23B00583BB8 /* Debug */ = {
			isa = XCBuildConfiguration;
			buildSettings = {
				ASSETCATALOG_COMPILER_APPICON_NAME = AppIcon;
				CODE_SIGN_STYLE = Automatic;
				DEVELOPMENT_TEAM = XP44KJ6JB3;
				INFOPLIST_FILE = MoviePlayer/Info.plist;
				LD_RUNPATH_SEARCH_PATHS = (
					"$(inherited)",
					"@executable_path/Frameworks",
				);
				PRODUCT_BUNDLE_IDENTIFIER = com.ywangnon.MoviePlayer;
				PRODUCT_NAME = "$(TARGET_NAME)";
				SWIFT_VERSION = 5.0;
				TARGETED_DEVICE_FAMILY = "1,2";
			};
			name = Debug;
		};
		013EAE3824C9D23B00583BB8 /* Release */ = {
			isa = XCBuildConfiguration;
			buildSettings = {
				ASSETCATALOG_COMPILER_APPICON_NAME = AppIcon;
				CODE_SIGN_STYLE = Automatic;
				DEVELOPMENT_TEAM = XP44KJ6JB3;
				INFOPLIST_FILE = MoviePlayer/Info.plist;
				LD_RUNPATH_SEARCH_PATHS = (
					"$(inherited)",
					"@executable_path/Frameworks",
				);
				PRODUCT_BUNDLE_IDENTIFIER = com.ywangnon.MoviePlayer;
				PRODUCT_NAME = "$(TARGET_NAME)";
				SWIFT_VERSION = 5.0;
				TARGETED_DEVICE_FAMILY = "1,2";
			};
			name = Release;
		};
		013EAE3A24C9D23B00583BB8 /* Debug */ = {
			isa = XCBuildConfiguration;
			buildSettings = {
				ALWAYS_EMBED_SWIFT_STANDARD_LIBRARIES = YES;
				BUNDLE_LOADER = "$(TEST_HOST)";
				CODE_SIGN_STYLE = Automatic;
				DEVELOPMENT_TEAM = XP44KJ6JB3;
				INFOPLIST_FILE = MoviePlayerTests/Info.plist;
				IPHONEOS_DEPLOYMENT_TARGET = 13.6;
				LD_RUNPATH_SEARCH_PATHS = (
					"$(inherited)",
					"@executable_path/Frameworks",
					"@loader_path/Frameworks",
				);
				PRODUCT_BUNDLE_IDENTIFIER = com.ywangnon.MoviePlayerTests;
				PRODUCT_NAME = "$(TARGET_NAME)";
				SWIFT_VERSION = 5.0;
				TARGETED_DEVICE_FAMILY = "1,2";
				TEST_HOST = "$(BUILT_PRODUCTS_DIR)/MoviePlayer.app/MoviePlayer";
			};
			name = Debug;
		};
		013EAE3B24C9D23B00583BB8 /* Release */ = {
			isa = XCBuildConfiguration;
			buildSettings = {
				ALWAYS_EMBED_SWIFT_STANDARD_LIBRARIES = YES;
				BUNDLE_LOADER = "$(TEST_HOST)";
				CODE_SIGN_STYLE = Automatic;
				DEVELOPMENT_TEAM = XP44KJ6JB3;
				INFOPLIST_FILE = MoviePlayerTests/Info.plist;
				IPHONEOS_DEPLOYMENT_TARGET = 13.6;
				LD_RUNPATH_SEARCH_PATHS = (
					"$(inherited)",
					"@executable_path/Frameworks",
					"@loader_path/Frameworks",
				);
				PRODUCT_BUNDLE_IDENTIFIER = com.ywangnon.MoviePlayerTests;
				PRODUCT_NAME = "$(TARGET_NAME)";
				SWIFT_VERSION = 5.0;
				TARGETED_DEVICE_FAMILY = "1,2";
				TEST_HOST = "$(BUILT_PRODUCTS_DIR)/MoviePlayer.app/MoviePlayer";
			};
			name = Release;
		};
		013EAE3D24C9D23B00583BB8 /* Debug */ = {
			isa = XCBuildConfiguration;
			buildSettings = {
				ALWAYS_EMBED_SWIFT_STANDARD_LIBRARIES = YES;
				CODE_SIGN_STYLE = Automatic;
				DEVELOPMENT_TEAM = XP44KJ6JB3;
				INFOPLIST_FILE = MoviePlayerUITests/Info.plist;
				LD_RUNPATH_SEARCH_PATHS = (
					"$(inherited)",
					"@executable_path/Frameworks",
					"@loader_path/Frameworks",
				);
				PRODUCT_BUNDLE_IDENTIFIER = com.ywangnon.MoviePlayerUITests;
				PRODUCT_NAME = "$(TARGET_NAME)";
				SWIFT_VERSION = 5.0;
				TARGETED_DEVICE_FAMILY = "1,2";
				TEST_TARGET_NAME = MoviePlayer;
			};
			name = Debug;
		};
		013EAE3E24C9D23B00583BB8 /* Release */ = {
			isa = XCBuildConfiguration;
			buildSettings = {
				ALWAYS_EMBED_SWIFT_STANDARD_LIBRARIES = YES;
				CODE_SIGN_STYLE = Automatic;
				DEVELOPMENT_TEAM = XP44KJ6JB3;
				INFOPLIST_FILE = MoviePlayerUITests/Info.plist;
				LD_RUNPATH_SEARCH_PATHS = (
					"$(inherited)",
					"@executable_path/Frameworks",
					"@loader_path/Frameworks",
				);
				PRODUCT_BUNDLE_IDENTIFIER = com.ywangnon.MoviePlayerUITests;
				PRODUCT_NAME = "$(TARGET_NAME)";
				SWIFT_VERSION = 5.0;
				TARGETED_DEVICE_FAMILY = "1,2";
				TEST_TARGET_NAME = MoviePlayer;
			};
			name = Release;
		};
/* End XCBuildConfiguration section */

/* Begin XCConfigurationList section */
		013EAE0724C9D23900583BB8 /* Build configuration list for PBXProject "MoviePlayer" */ = {
			isa = XCConfigurationList;
			buildConfigurations = (
				013EAE3424C9D23B00583BB8 /* Debug */,
				013EAE3524C9D23B00583BB8 /* Release */,
			);
			defaultConfigurationIsVisible = 0;
			defaultConfigurationName = Release;
		};
		013EAE3624C9D23B00583BB8 /* Build configuration list for PBXNativeTarget "MoviePlayer" */ = {
			isa = XCConfigurationList;
			buildConfigurations = (
				013EAE3724C9D23B00583BB8 /* Debug */,
				013EAE3824C9D23B00583BB8 /* Release */,
			);
			defaultConfigurationIsVisible = 0;
			defaultConfigurationName = Release;
		};
		013EAE3924C9D23B00583BB8 /* Build configuration list for PBXNativeTarget "MoviePlayerTests" */ = {
			isa = XCConfigurationList;
			buildConfigurations = (
				013EAE3A24C9D23B00583BB8 /* Debug */,
				013EAE3B24C9D23B00583BB8 /* Release */,
			);
			defaultConfigurationIsVisible = 0;
			defaultConfigurationName = Release;
		};
		013EAE3C24C9D23B00583BB8 /* Build configuration list for PBXNativeTarget "MoviePlayerUITests" */ = {
			isa = XCConfigurationList;
			buildConfigurations = (
				013EAE3D24C9D23B00583BB8 /* Debug */,
				013EAE3E24C9D23B00583BB8 /* Release */,
			);
			defaultConfigurationIsVisible = 0;
			defaultConfigurationName = Release;
		};
/* End XCConfigurationList section */
	};
	rootObject = 013EAE0424C9D23900583BB8 /* Project object */;
}
